
Microsoft Visual Studio Solution File, Format Version 12.00
# Visual Studio Version 17
VisualStudioVersion = 17.0.32112.339
MinimumVisualStudioVersion = 10.0.40219.1
Project("{9A19103F-16F7-4668-BE54-9A1E7A4F7556}") = "jointLessonSystem", "jointLessonSystem\jointLessonSystem.csproj", "{2E5F898C-692F-465D-91A3-75C036AED1BD}"
EndProject
Project("{FAE04EC0-301F-11D3-BF4B-00C04F79EFBC}") = "JointLessonTerminal", "JointLessonTerminal\JointLessonTerminal.csproj", "{30416E83-9F81-4288-8A35-3F0D09DFC31E}"
EndProject
Global
	GlobalSection(SolutionConfigurationPlatforms) = preSolution
		Debug|Any CPU = Debug|Any CPU
		Release|Any CPU = Release|Any CPU
	EndGlobalSection
	GlobalSection(ProjectConfigurationPlatforms) = postSolution
		{2E5F898C-692F-465D-91A3-75C036AED1BD}.Debug|Any CPU.ActiveCfg = Debug|Any CPU
		{2E5F898C-692F-465D-91A3-75C036AED1BD}.Debug|Any CPU.Build.0 = Debug|Any CPU
		{2E5F898C-692F-465D-91A3-75C036AED1BD}.Release|Any CPU.ActiveCfg = Release|Any CPU
		{2E5F898C-692F-465D-91A3-75C036AED1BD}.Release|Any CPU.Build.0 = Release|Any CPU
		{30416E83-9F81-4288-8A35-3F0D09DFC31E}.Debug|Any CPU.ActiveCfg = Debug|Any CPU
		{30416E83-9F81-4288-8A35-3F0D09DFC31E}.Debug|Any CPU.Build.0 = Debug|Any CPU
		{30416E83-9F81-4288-8A35-3F0D09DFC31E}.Release|Any CPU.ActiveCfg = Release|Any CPU
		{30416E83-9F81-4288-8A35-3F0D09DFC31E}.Release|Any CPU.Build.0 = Release|Any CPU
	EndGlobalSection
	GlobalSection(SolutionProperties) = preSolution
		HideSolutionNode = FALSE
	EndGlobalSection
	GlobalSection(ExtensibilityGlobals) = postSolution
		SolutionGuid = {3DD01C80-FD55-4AE9-9ABB-E440C94D330D}
	EndGlobalSection
EndGlobal
