
Microsoft Visual Studio Solution File, Format Version 12.00
# Visual Studio Version 17
VisualStudioVersion = 17.0.32112.339
MinimumVisualStudioVersion = 10.0.40219.1
Project("{9A19103F-16F7-4668-BE54-9A1E7A4F7556}") = "jointLessonServer", "jointLessonServer\jointLessonServer.csproj", "{2BBC60BE-B5B2-45FC-B818-237F60DFCAC2}"
EndProject
Project("{9A19103F-16F7-4668-BE54-9A1E7A4F7556}") = "JL.JointLessonMigrator", "JointLessonMigrator\JL.JointLessonMigrator.csproj", "{6B39FD13-73A4-41D6-93B8-BDA477D95968}"
EndProject
Project("{9A19103F-16F7-4668-BE54-9A1E7A4F7556}") = "JL.Service", "Service\JL.Service.csproj", "{D3F292DA-F09B-40FD-A0DB-45E06AEEB01A}"
EndProject
Project("{9A19103F-16F7-4668-BE54-9A1E7A4F7556}") = "JL.DAL", "DAL\JL.DAL.csproj", "{FB7EB5F4-C9A2-4F36-A6AA-9CD396381228}"
EndProject
Project("{9A19103F-16F7-4668-BE54-9A1E7A4F7556}") = "JL.BLL", "BLL\JL.BLL.csproj", "{291375FA-484C-476E-A86C-E37FF06C683A}"
EndProject
Project("{9A19103F-16F7-4668-BE54-9A1E7A4F7556}") = "JL.Utility", "Utility\JL.Utility.csproj", "{547DADE0-60BC-4C1D-98B7-B99AE656958A}"
EndProject
Project("{9A19103F-16F7-4668-BE54-9A1E7A4F7556}") = "JL.ApiModels", "ApiModels\JL.ApiModels.csproj", "{3F837B3D-7AB8-427E-8DA2-D55A2DF292CA}"
EndProject
Project("{FAE04EC0-301F-11D3-BF4B-00C04F79EFBC}") = "JL.PersistModels", "JL.PersistModels\JL.PersistModels.csproj", "{42F99266-E873-407E-9F6D-3D73C4B54CF9}"
EndProject
Project("{FAE04EC0-301F-11D3-BF4B-00C04F79EFBC}") = "JL.Settings", "JL.Settings\JL.Settings.csproj", "{EF3B31CB-E9AD-4B3E-9DF0-16B74CF44A4D}"
EndProject
Global
	GlobalSection(SolutionConfigurationPlatforms) = preSolution
		Debug|Any CPU = Debug|Any CPU
		Release|Any CPU = Release|Any CPU
	EndGlobalSection
	GlobalSection(ProjectConfigurationPlatforms) = postSolution
		{2BBC60BE-B5B2-45FC-B818-237F60DFCAC2}.Debug|Any CPU.ActiveCfg = Debug|Any CPU
		{2BBC60BE-B5B2-45FC-B818-237F60DFCAC2}.Debug|Any CPU.Build.0 = Debug|Any CPU
		{2BBC60BE-B5B2-45FC-B818-237F60DFCAC2}.Release|Any CPU.ActiveCfg = Release|Any CPU
		{2BBC60BE-B5B2-45FC-B818-237F60DFCAC2}.Release|Any CPU.Build.0 = Release|Any CPU
		{6B39FD13-73A4-41D6-93B8-BDA477D95968}.Debug|Any CPU.ActiveCfg = Debug|Any CPU
		{6B39FD13-73A4-41D6-93B8-BDA477D95968}.Debug|Any CPU.Build.0 = Debug|Any CPU
		{6B39FD13-73A4-41D6-93B8-BDA477D95968}.Release|Any CPU.ActiveCfg = Release|Any CPU
		{6B39FD13-73A4-41D6-93B8-BDA477D95968}.Release|Any CPU.Build.0 = Release|Any CPU
		{D3F292DA-F09B-40FD-A0DB-45E06AEEB01A}.Debug|Any CPU.ActiveCfg = Debug|Any CPU
		{D3F292DA-F09B-40FD-A0DB-45E06AEEB01A}.Debug|Any CPU.Build.0 = Debug|Any CPU
		{D3F292DA-F09B-40FD-A0DB-45E06AEEB01A}.Release|Any CPU.ActiveCfg = Release|Any CPU
		{D3F292DA-F09B-40FD-A0DB-45E06AEEB01A}.Release|Any CPU.Build.0 = Release|Any CPU
		{FB7EB5F4-C9A2-4F36-A6AA-9CD396381228}.Debug|Any CPU.ActiveCfg = Debug|Any CPU
		{FB7EB5F4-C9A2-4F36-A6AA-9CD396381228}.Debug|Any CPU.Build.0 = Debug|Any CPU
		{FB7EB5F4-C9A2-4F36-A6AA-9CD396381228}.Release|Any CPU.ActiveCfg = Release|Any CPU
		{FB7EB5F4-C9A2-4F36-A6AA-9CD396381228}.Release|Any CPU.Build.0 = Release|Any CPU
		{291375FA-484C-476E-A86C-E37FF06C683A}.Debug|Any CPU.ActiveCfg = Debug|Any CPU
		{291375FA-484C-476E-A86C-E37FF06C683A}.Debug|Any CPU.Build.0 = Debug|Any CPU
		{291375FA-484C-476E-A86C-E37FF06C683A}.Release|Any CPU.ActiveCfg = Release|Any CPU
		{291375FA-484C-476E-A86C-E37FF06C683A}.Release|Any CPU.Build.0 = Release|Any CPU
		{547DADE0-60BC-4C1D-98B7-B99AE656958A}.Debug|Any CPU.ActiveCfg = Debug|Any CPU
		{547DADE0-60BC-4C1D-98B7-B99AE656958A}.Debug|Any CPU.Build.0 = Debug|Any CPU
		{547DADE0-60BC-4C1D-98B7-B99AE656958A}.Release|Any CPU.ActiveCfg = Release|Any CPU
		{547DADE0-60BC-4C1D-98B7-B99AE656958A}.Release|Any CPU.Build.0 = Release|Any CPU
		{3F837B3D-7AB8-427E-8DA2-D55A2DF292CA}.Debug|Any CPU.ActiveCfg = Debug|Any CPU
		{3F837B3D-7AB8-427E-8DA2-D55A2DF292CA}.Debug|Any CPU.Build.0 = Debug|Any CPU
		{3F837B3D-7AB8-427E-8DA2-D55A2DF292CA}.Release|Any CPU.ActiveCfg = Release|Any CPU
		{3F837B3D-7AB8-427E-8DA2-D55A2DF292CA}.Release|Any CPU.Build.0 = Release|Any CPU
		{42F99266-E873-407E-9F6D-3D73C4B54CF9}.Debug|Any CPU.ActiveCfg = Debug|Any CPU
		{42F99266-E873-407E-9F6D-3D73C4B54CF9}.Debug|Any CPU.Build.0 = Debug|Any CPU
		{42F99266-E873-407E-9F6D-3D73C4B54CF9}.Release|Any CPU.ActiveCfg = Release|Any CPU
		{42F99266-E873-407E-9F6D-3D73C4B54CF9}.Release|Any CPU.Build.0 = Release|Any CPU
		{EF3B31CB-E9AD-4B3E-9DF0-16B74CF44A4D}.Debug|Any CPU.ActiveCfg = Debug|Any CPU
		{EF3B31CB-E9AD-4B3E-9DF0-16B74CF44A4D}.Debug|Any CPU.Build.0 = Debug|Any CPU
		{EF3B31CB-E9AD-4B3E-9DF0-16B74CF44A4D}.Release|Any CPU.ActiveCfg = Release|Any CPU
		{EF3B31CB-E9AD-4B3E-9DF0-16B74CF44A4D}.Release|Any CPU.Build.0 = Release|Any CPU
	EndGlobalSection
	GlobalSection(SolutionProperties) = preSolution
		HideSolutionNode = FALSE
	EndGlobalSection
	GlobalSection(ExtensibilityGlobals) = postSolution
		SolutionGuid = {3DD01C80-FD55-4AE9-9ABB-E440C94D330D}
	EndGlobalSection
EndGlobal
